# This file was autogenerated by Stack.
# You should not edit this file by hand.
# For more information, please see the documentation at:
#   https://docs.haskellstack.org/en/stable/lock_files

packages:
- completed:
    hackage: relude-1.2.0.0@sha256:e47f363d57e5551542cc567b68f375001f850732ebe9c226351c26e7af56f797,11937
    pantry-tree:
      sha256: 12a9754897804bd1834bddc36f2800cb453cfec9903ac8be83f4621ac4a26075
      size: 4286
  original:
    hackage: relude-1.2.0.0@sha256:e47f363d57e5551542cc567b68f375001f850732ebe9c226351c26e7af56f797,11937
snapshots:
- completed:
    sha256: cb60a8ed946dc9d43a46fd03a14a4e0268d3615b4c87025b88996386a6f948b7
    size: 598581
    url: https://raw.githubusercontent.com/commercialhaskell/stackage-snapshots/master/nightly/2023/3/12.yaml
  original: nightly-2023-03-12
