# This file was autogenerated by Stack.
# You should not edit this file by hand.
# For more information, please see the documentation at:
#   https://docs.haskellstack.org/en/stable/lock_files

packages:
- completed:
    hackage: relude-1.2.0.0@sha256:e47f363d57e5551542cc567b68f375001f850732ebe9c226351c26e7af56f797,11937
    pantry-tree:
      sha256: 12a9754897804bd1834bddc36f2800cb453cfec9903ac8be83f4621ac4a26075
      size: 4286
  original:
    hackage: relude-1.2.0.0@sha256:e47f363d57e5551542cc567b68f375001f850732ebe9c226351c26e7af56f797,11937
- completed:
    hackage: unix-compat-0.7@sha256:651fa34c14d9c05c1bbd508271a971e39d99e2b415518f100a17b84174ab6625,3566
    pantry-tree:
      sha256: f1bb357d4843258439d94f79ce632db01bf181524577b4c9eb2fb41ecaf7dd3c
      size: 1196
  original:
    hackage: unix-compat-0.7
- completed:
    hackage: happy-1.21.0@sha256:1dc09b68d46fed691d9969f8f7bd8d83cf3252491709d6fb070e7cfec9a5cabe,6326
    pantry-tree:
      sha256: 3a84541bd92963b14e34d8364112bed677145d6a17d1d0055cbffe5a6541cc00
      size: 8312
  original:
    hackage: happy-1.21.0
- completed:
    hackage: warp-3.3.25@sha256:3108518eb0d64f19d4c031f990166e5e5ab3542f877df3946eb7e300881d2ca1,11100
    pantry-tree:
      sha256: 1cb1e3cd20f70005f4cbfc11df2e2e96ca609418b077a2e8efa92dd76bf33c95
      size: 3838
  original:
    hackage: warp-3.3.25
- completed:
    name: clientsession
    pantry-tree:
      sha256: e8f800c0c0fed1a148257f2d47361d1f08319092e38ab3ab5b11f0d9f74f8c9a
      size: 699
    sha256: 92f25a8aefb742124e8d6f9b83023f80a4f89e0a59e5e1516966151bbcc6e9d4
    size: 11215
    url: https://github.com/jmazon/clientsession/archive/1221230770feff60f77ff676d52fc464cb77b2d9.tar.gz
    version: 0.9.1.2
  original:
    url: https://github.com/jmazon/clientsession/archive/1221230770feff60f77ff676d52fc464cb77b2d9.tar.gz
snapshots:
- completed:
    sha256: 8f85c305140e43633ec5e4db355be84365073bb58e0e138b99fd96f50ccd9724
    size: 599242
    url: https://raw.githubusercontent.com/commercialhaskell/stackage-snapshots/master/nightly/2023/3/16.yaml
  original: nightly-2023-03-16
