# This file was autogenerated by Stack.
# You should not edit this file by hand.
# For more information, please see the documentation at:
#   https://docs.haskellstack.org/en/stable/lock_files

packages:
- completed:
    hackage: monoidal-containers-0.6.0.1@sha256:7d776942659eb4d70d8b8da5d734396374a6eda8b4622df9e61e26b24e9c8e40,2501
    pantry-tree:
      size: 569
      sha256: c354e916cb3aa9a0728a60f08440dc589a9e6d8275f047dbe9ab73f168247561
  original:
    hackage: monoidal-containers-0.6.0.1@sha256:7d776942659eb4d70d8b8da5d734396374a6eda8b4622df9e61e26b24e9c8e40,2501
- completed:
    hackage: postgresql-simple-migration-0.1.15.0@sha256:0e24e96908430f5caf9c1c1d9ca7c5c108e4e0409a255e2cbd77e8cd252dbb02,3879
    pantry-tree:
      size: 766
      sha256: c2843bfe43b804992bc913f33ec6b2c6cb0fc99c6d931b6ff85894e8aef9a99e
  original:
    hackage: postgresql-simple-migration-0.1.15.0@sha256:0e24e96908430f5caf9c1c1d9ca7c5c108e4e0409a255e2cbd77e8cd252dbb02,3879
- completed:
    hackage: unordered-containers-0.2.11.0@sha256:ba70b8a9d7eebc2034bf92e5690b2dd71200e76aa9f3f93e0b6be3f27f244d18,4998
    pantry-tree:
      size: 1416
      sha256: d9b83f62373f509a441223f22f12e22e39b38ef3275dfca7c190a4795bebfed5
  original:
    hackage: unordered-containers-0.2.11.0
snapshots:
- completed:
    size: 496112
    url: https://raw.githubusercontent.com/commercialhaskell/stackage-snapshots/master/lts/15/13.yaml
    sha256: 75a1a0f870e1876898b117b0e443f911b3fa2985bfabb53158c81ab5765beda5
  original: lts-15.13
