# This file was autogenerated by Stack.
# You should not edit this file by hand.
# For more information, please see the documentation at:
#   https://docs.haskellstack.org/en/stable/lock_files

packages:
- completed:
    hackage: monoidal-containers-0.6.0.1@sha256:7d776942659eb4d70d8b8da5d734396374a6eda8b4622df9e61e26b24e9c8e40,2501
    pantry-tree:
      size: 569
      sha256: c354e916cb3aa9a0728a60f08440dc589a9e6d8275f047dbe9ab73f168247561
  original:
    hackage: monoidal-containers-0.6.0.1@sha256:7d776942659eb4d70d8b8da5d734396374a6eda8b4622df9e61e26b24e9c8e40,2501
snapshots:
- completed:
    size: 491372
    url: https://raw.githubusercontent.com/commercialhaskell/stackage-snapshots/master/lts/15/5.yaml
    sha256: 1b549cfff328040c382a70a84a2087aac8dab6d778bf92f32a93a771a1980dfc
  original: lts-15.5
